// !$*UTF8*$!
{
	archiveVersion = 1;
	classes = {
	};
	objectVersion = 46;
	objects = {

/* Begin PBXBuildFile section */
		49A7B5EF1E3EF7DC00912318 /* Beethoven-Wind-Octet.mp3 in Resources */ = {isa = PBXBuildFile; fileRef = 49A7B5EE1E3EF7DC00912318 /* Beethoven-Wind-Octet.mp3 */; };
		8B3CB1931DAFE1B80056B3F4 /* AppDelegate.swift in Sources */ = {isa = PBXBuildFile; fileRef = 8B3CB1921DAFE1B80056B3F4 /* AppDelegate.swift */; };
		8B3CB1951DAFE1B80056B3F4 /* ViewController.swift in Sources */ = {isa = PBXBuildFile; fileRef = 8B3CB1941DAFE1B80056B3F4 /* ViewController.swift */; };
		8B3CB1981DAFE1B80056B3F4 /* Main.storyboard in Resources */ = {isa = PBXBuildFile; fileRef = 8B3CB1961DAFE1B80056B3F4 /* Main.storyboard */; };
		8B3CB19A1DAFE1B80056B3F4 /* Assets.xcassets in Resources */ = {isa = PBXBuildFile; fileRef = 8B3CB1991DAFE1B80056B3F4 /* Assets.xcassets */; };
		8B3CB19D1DAFE1B80056B3F4 /* LaunchScreen.storyboard in Resources */ = {isa = PBXBuildFile; fileRef = 8B3CB19B1DAFE1B80056B3F4 /* LaunchScreen.storyboard */; };
/* End PBXBuildFile section */

/* Begin PBXFileReference section */
		49A7B5EE1E3EF7DC00912318 /* Beethoven-Wind-Octet.mp3 */ = {isa = PBXFileReference; lastKnownFileType = audio.mp3; path = "Beethoven-Wind-Octet.mp3"; sourceTree = "<group>"; };
		8B3CB18F1DAFE1B80056B3F4 /* Audio Player.app */ = {isa = PBXFileReference; explicitFileType = wrapper.application; includeInIndex = 0; path = "Audio Player.app"; sourceTree = BUILT_PRODUCTS_DIR; };
		8B3CB1921DAFE1B80056B3F4 /* AppDelegate.swift */ = {isa = PBXFileReference; lastKnownFileType = sourcecode.swift; path = AppDelegate.swift; sourceTree = "<group>"; };
		8B3CB1941DAFE1B80056B3F4 /* ViewController.swift */ = {isa = PBXFileReference; lastKnownFileType = sourcecode.swift; path = ViewController.swift; sourceTree = "<group>"; };
		8B3CB1971DAFE1B80056B3F4 /* Base */ = {isa = PBXFileReference; lastKnownFileType = file.storyboard; name = Base; path = Base.lproj/Main.storyboard; sourceTree = "<group>"; };
		8B3CB1991DAFE1B80056B3F4 /* Assets.xcassets */ = {isa = PBXFileReference; lastKnownFileType = folder.assetcatalog; path = Assets.xcassets; sourceTree = "<group>"; };
		8B3CB19C1DAFE1B80056B3F4 /* Base */ = {isa = PBXFileReference; lastKnownFileType = file.storyboard; name = Base; path = Base.lproj/LaunchScreen.storyboard; sourceTree = "<group>"; };
		8B3CB19E1DAFE1B80056B3F4 /* Info.plist */ = {isa = PBXFileReference; lastKnownFileType = text.plist.xml; path = Info.plist; sourceTree = "<group>"; };
/* End PBXFileReference section */

/* Begin PBXFrameworksBuildPhase section */
		8B3CB18C1DAFE1B80056B3F4 /* Frameworks */ = {
			isa = PBXFrameworksBuildPhase;
			buildActionMask = 2147483647;
			files = (
			);
			runOnlyForDeploymentPostprocessing = 0;
		};
/* End PBXFrameworksBuildPhase section */

/* Begin PBXGroup section */
		8B3CB1861DAFE1B80056B3F4 = {
			isa = PBXGroup;
			children = (
				8B3CB1911DAFE1B80056B3F4 /* Audio Player */,
				8B3CB1901DAFE1B80056B3F4 /* Products */,
			);
			sourceTree = "<group>";
		};
		8B3CB1901DAFE1B80056B3F4 /* Products */ = {
			isa = PBXGroup;
			children = (
				8B3CB18F1DAFE1B80056B3F4 /* Audio Player.app */,
			);
			name = Products;
			sourceTree = "<group>";
		};
		8B3CB1911DAFE1B80056B3F4 /* Audio Player */ = {
			isa = PBXGroup;
			children = (
				8B3CB1921DAFE1B80056B3F4 /* AppDelegate.swift */,
				8B3CB1941DAFE1B80056B3F4 /* ViewController.swift */,
				49A7B5EE1E3EF7DC00912318 /* Beethoven-Wind-Octet.mp3 */,
				8B3CB1961DAFE1B80056B3F4 /* Main.storyboard */,
				8B3CB1991DAFE1B80056B3F4 /* Assets.xcassets */,
				8B3CB19B1DAFE1B80056B3F4 /* LaunchScreen.storyboard */,
				8B3CB19E1DAFE1B80056B3F4 /* Info.plist */,
			);
			path = "Audio Player";
			sourceTree = "<group>";
		};
/* End PBXGroup section */

/* Begin PBXNativeTarget section */
		8B3CB18E1DAFE1B80056B3F4 /* Audio Player */ = {
			isa = PBXNativeTarget;
			buildConfigurationList = 8B3CB1A11DAFE1B80056B3F4 /* Build configuration list for PBXNativeTarget "Audio Player" */;
			buildPhases = (
				8B3CB18B1DAFE1B80056B3F4 /* Sources */,
				8B3CB18C1DAFE1B80056B3F4 /* Frameworks */,
				8B3CB18D1DAFE1B80056B3F4 /* Resources */,
			);
			buildRules = (
			);
			dependencies = (
			);
			name = "Audio Player";
			productName = "Audio Player";
			productReference = 8B3CB18F1DAFE1B80056B3F4 /* Audio Player.app */;
			productType = "com.apple.product-type.application";
		};
/* End PBXNativeTarget section */

/* Begin PBXProject section */
		8B3CB1871DAFE1B80056B3F4 /* Project object */ = {
			isa = PBXProject;
			attributes = {
				LastSwiftUpdateCheck = 0800;
				LastUpgradeCheck = 0800;
				ORGANIZATIONNAME = "Jean-Marc Kampol Mieville";
				TargetAttributes = {
					8B3CB18E1DAFE1B80056B3F4 = {
						CreatedOnToolsVersion = 8.0;
						DevelopmentTeam = 8GL695U4E9;
						ProvisioningStyle = Automatic;
					};
				};
			};
			buildConfigurationList = 8B3CB18A1DAFE1B80056B3F4 /* Build configuration list for PBXProject "Audio Player" */;
			compatibilityVersion = "Xcode 3.2";
			developmentRegion = English;
			hasScannedForEncodings = 0;
			knownRegions = (
				en,
				Base,
			);
			mainGroup = 8B3CB1861DAFE1B80056B3F4;
			productRefGroup = 8B3CB1901DAFE1B80056B3F4 /* Products */;
			projectDirPath = "";
			projectRoot = "";
			targets = (
				8B3CB18E1DAFE1B80056B3F4 /* Audio Player */,
			);
		};
/* End PBXProject section */

/* Begin PBXResourcesBuildPhase section */
		8B3CB18D1DAFE1B80056B3F4 /* Resources */ = {
			isa = PBXResourcesBuildPhase;
			buildActionMask = 2147483647;
			files = (
				49A7B5EF1E3EF7DC00912318 /* Beethoven-Wind-Octet.mp3 in Resources */,
				8B3CB19D1DAFE1B80056B3F4 /* LaunchScreen.storyboard in Resources */,
				8B3CB19A1DAFE1B80056B3F4 /* Assets.xcassets in Resources */,
				8B3CB1981DAFE1B80056B3F4 /* Main.storyboard in Resources */,
			);
			runOnlyForDeploymentPostprocessing = 0;
		};
/* End PBXResourcesBuildPhase section */

/* Begin PBXSourcesBuildPhase section */
		8B3CB18B1DAFE1B80056B3F4 /* Sources */ = {
			isa = PBXSourcesBuildPhase;
			buildActionMask = 2147483647;
			files = (
				8B3CB1951DAFE1B80056B3F4 /* ViewController.swift in Sources */,
				8B3CB1931DAFE1B80056B3F4 /* AppDelegate.swift in Sources */,
			);
			runOnlyForDeploymentPostprocessing = 0;
		};
/* End PBXSourcesBuildPhase section */

/* Begin PBXVariantGroup section */
		8B3CB1961DAFE1B80056B3F4 /* Main.storyboard */ = {
			isa = PBXVariantGroup;
			children = (
				8B3CB1971DAFE1B80056B3F4 /* Base */,
			);
			name = Main.storyboard;
			sourceTree = "<group>";
		};
		8B3CB19B1DAFE1B80056B3F4 /* LaunchScreen.storyboard */ = {
			isa = PBXVariantGroup;
			children = (
				8B3CB19C1DAFE1B80056B3F4 /* Base */,
			);
			name = LaunchScreen.storyboard;
			sourceTree = "<group>";
		};
/* End PBXVariantGroup section */

/* Begin XCBuildConfiguration section */
		8B3CB19F1DAFE1B80056B3F4 /* Debug */ = {
			isa = XCBuildConfiguration;
			buildSettings = {
				ALWAYS_SEARCH_USER_PATHS = NO;
				CLANG_ANALYZER_NONNULL = YES;
				CLANG_CXX_LANGUAGE_STANDARD = "gnu++0x";
				CLANG_CXX_LIBRARY = "libc++";
				CLANG_ENABLE_MODULES = YES;
				CLANG_ENABLE_OBJC_ARC = YES;
				CLANG_WARN_BOOL_CONVERSION = YES;
				CLANG_WARN_CONSTANT_CONVERSION = YES;
				CLANG_WARN_DIRECT_OBJC_ISA_USAGE = YES_ERROR;
				CLANG_WARN_DOCUMENTATION_COMMENTS = YES;
				CLANG_WARN_EMPTY_BODY = YES;
				CLANG_WARN_ENUM_CONVERSION = YES;
				CLANG_WARN_INFINITE_RECURSION = YES;
				CLANG_WARN_INT_CONVERSION = YES;
				CLANG_WARN_OBJC_ROOT_CLASS = YES_ERROR;
				CLANG_WARN_SUSPICIOUS_MOVES = YES;
				CLANG_WARN_UNREACHABLE_CODE = YES;
				CLANG_WARN__DUPLICATE_METHOD_MATCH = YES;
				"CODE_SIGN_IDENTITY[sdk=iphoneos*]" = "iPhone Developer";
				COPY_PHASE_STRIP = NO;
				DEBUG_INFORMATION_FORMAT = dwarf;
				ENABLE_STRICT_OBJC_MSGSEND = YES;
				ENABLE_TESTABILITY = YES;
				GCC_C_LANGUAGE_STANDARD = gnu99;
				GCC_DYNAMIC_NO_PIC = NO;
				GCC_NO_COMMON_BLOCKS = YES;
				GCC_OPTIMIZATION_LEVEL = 0;
				GCC_PREPROCESSOR_DEFINITIONS = (
					"DEBUG=1",
					"$(inherited)",
				);
				GCC_WARN_64_TO_32_BIT_CONVERSION = YES;
				GCC_WARN_ABOUT_RETURN_TYPE = YES_ERROR;
				GCC_WARN_UNDECLARED_SELECTOR = YES;
				GCC_WARN_UNINITIALIZED_AUTOS = YES_AGGRESSIVE;
				GCC_WARN_UNUSED_FUNCTION = YES;
				GCC_WARN_UNUSED_VARIABLE = YES;
				IPHONEOS_DEPLOYMENT_TARGET = 10.0;
				MTL_ENABLE_DEBUG_INFO = YES;
				ONLY_ACTIVE_ARCH = YES;
				SDKROOT = iphoneos;
				SWIFT_ACTIVE_COMPILATION_CONDITIONS = DEBUG;
				SWIFT_OPTIMIZATION_LEVEL = "-Onone";
				TARGETED_DEVICE_FAMILY = "1,2";
			};
			name = Debug;
		};
		8B3CB1A01DAFE1B80056B3F4 /* Release */ = {
			isa = XCBuildConfiguration;
			buildSettings = {
				ALWAYS_SEARCH_USER_PATHS = NO;
				CLANG_ANALYZER_NONNULL = YES;
				CLANG_CXX_LANGUAGE_STANDARD = "gnu++0x";
				CLANG_CXX_LIBRARY = "libc++";
				CLANG_ENABLE_MODULES = YES;
				CLANG_ENABLE_OBJC_ARC = YES;
				CLANG_WARN_BOOL_CONVERSION = YES;
				CLANG_WARN_CONSTANT_CONVERSION = YES;
				CLANG_WARN_DIRECT_OBJC_ISA_USAGE = YES_ERROR;
				CLANG_WARN_DOCUMENTATION_COMMENTS = YES;
				CLANG_WARN_EMPTY_BODY = YES;
				CLANG_WARN_ENUM_CONVERSION = YES;
				CLANG_WARN_INFINITE_RECURSION = YES;
				CLANG_WARN_INT_CONVERSION = YES;
				CLANG_WARN_OBJC_ROOT_CLASS = YES_ERROR;
				CLANG_WARN_SUSPICIOUS_MOVES = YES;
				CLANG_WARN_UNREACHABLE_CODE = YES;
				CLANG_WARN__DUPLICATE_METHOD_MATCH = YES;
				"CODE_SIGN_IDENTITY[sdk=iphoneos*]" = "iPhone Developer";
				COPY_PHASE_STRIP = NO;
				DEBUG_INFORMATION_FORMAT = "dwarf-with-dsym";
				ENABLE_NS_ASSERTIONS = NO;
				ENABLE_STRICT_OBJC_MSGSEND = YES;
				GCC_C_LANGUAGE_STANDARD = gnu99;
				GCC_NO_COMMON_BLOCKS = YES;
				GCC_WARN_64_TO_32_BIT_CONVERSION = YES;
				GCC_WARN_ABOUT_RETURN_TYPE = YES_ERROR;
				GCC_WARN_UNDECLARED_SELECTOR = YES;
				GCC_WARN_UNINITIALIZED_AUTOS = YES_AGGRESSIVE;
				GCC_WARN_UNUSED_FUNCTION = YES;
				GCC_WARN_UNUSED_VARIABLE = YES;
				IPHONEOS_DEPLOYMENT_TARGET = 10.0;
				MTL_ENABLE_DEBUG_INFO = NO;
				SDKROOT = iphoneos;
				SWIFT_OPTIMIZATION_LEVEL = "-Owholemodule";
				TARGETED_DEVICE_FAMILY = "1,2";
				VALIDATE_PRODUCT = YES;
			};
			name = Release;
		};
		8B3CB1A21DAFE1B80056B3F4 /* Debug */ = {
			isa = XCBuildConfiguration;
			buildSettings = {
				ASSETCATALOG_COMPILER_APPICON_NAME = AppIcon;
				DEVELOPMENT_TEAM = 8GL695U4E9;
				INFOPLIST_FILE = "Audio Player/Info.plist";
				LD_RUNPATH_SEARCH_PATHS = "$(inherited) @executable_path/Frameworks";
				PRODUCT_BUNDLE_IDENTIFIER = "MievilleKampolJeanMarc.Audio-Player";
				PRODUCT_NAME = "$(TARGET_NAME)";
				SWIFT_VERSION = 3.0;
			};
			name = Debug;
		};
		8B3CB1A31DAFE1B80056B3F4 /* Release */ = {
			isa = XCBuildConfiguration;
			buildSettings = {
				ASSETCATALOG_COMPILER_APPICON_NAME = AppIcon;
				DEVELOPMENT_TEAM = 8GL695U4E9;
				INFOPLIST_FILE = "Audio Player/Info.plist";
				LD_RUNPATH_SEARCH_PATHS = "$(inherited) @executable_path/Frameworks";
				PRODUCT_BUNDLE_IDENTIFIER = "MievilleKampolJeanMarc.Audio-Player";
				PRODUCT_NAME = "$(TARGET_NAME)";
				SWIFT_VERSION = 3.0;
			};
			name = Release;
		};
/* End XCBuildConfiguration section */

/* Begin XCConfigurationList section */
		8B3CB18A1DAFE1B80056B3F4 /* Build configuration list for PBXProject "Audio Player" */ = {
			isa = XCConfigurationList;
			buildConfigurations = (
				8B3CB19F1DAFE1B80056B3F4 /* Debug */,
				8B3CB1A01DAFE1B80056B3F4 /* Release */,
			);
			defaultConfigurationIsVisible = 0;
			defaultConfigurationName = Release;
		};
		8B3CB1A11DAFE1B80056B3F4 /* Build configuration list for PBXNativeTarget "Audio Player" */ = {
			isa = XCConfigurationList;
			buildConfigurations = (
				8B3CB1A21DAFE1B80056B3F4 /* Debug */,
				8B3CB1A31DAFE1B80056B3F4 /* Release */,
			);
			defaultConfigurationIsVisible = 0;
			defaultConfigurationName = Release;
		};
/* End XCConfigurationList section */
	};
	rootObject = 8B3CB1871DAFE1B80056B3F4 /* Project object */;
}
